PODS:
  - Flutter (1.0.0)
  - integration_test (0.0.1):
    - Flutter
  - path_provider_foundation (0.0.1):
    - Flutter
    - FlutterMacOS
  - shared_preferences_foundation (0.0.1):
    - Flutter
    - FlutterMacOS
  - sqflite (0.0.3):
    - Flutter
    - FlutterMacOS
  - "sqlite3 (3.45.3+1)":
    - "sqlite3/common (= 3.45.3+1)"
  - sqlite3-arabic-phonetic-fuzzy-trigram (0.0.1)
  - "sqlite3/common (3.45.3+1)"
  - "sqlite3/fts (3.45.3+1)":
    - sqlite3/common
  - "sqlite3/fts5 (3.45.3+1)":
    - sqlite3/common
  - "sqlite3/perf-threadsafe (3.45.3+1)":
    - sqlite3/common
  - "sqlite3/rtree (3.45.3+1)":
    - sqlite3/common
  - sqlite3_arabic_phonetic_fuzzy_trigram_flutter (0.0.1):
    - Flutter
    - sqlite3-arabic-phonetic-fuzzy-trigram (= 0.0.1)
  - sqlite3_flutter_libs (0.0.1):
    - Flutter
    - "sqlite3 (~> 3.45.3+1)"
    - sqlite3/fts
    - sqlite3/fts5
    - sqlite3/perf-threadsafe
    - sqlite3/rtree

DEPENDENCIES:
  - Flutter (from `Flutter`)
  - integration_test (from `.symlinks/plugins/integration_test/ios`)
  - path_provider_foundation (from `.symlinks/plugins/path_provider_foundation/darwin`)
  - shared_preferences_foundation (from `.symlinks/plugins/shared_preferences_foundation/darwin`)
  - sqflite (from `.symlinks/plugins/sqflite/darwin`)
  - sqlite3_arabic_phonetic_fuzzy_trigram_flutter (from `.symlinks/plugins/sqlite3_arabic_phonetic_fuzzy_trigram_flutter/ios`)
  - sqlite3_flutter_libs (from `.symlinks/plugins/sqlite3_flutter_libs/ios`)

SPEC REPOS:
  https://github.com/GreentechApps/cocoapods-specs.git:
    - sqlite3-arabic-phonetic-fuzzy-trigram
  trunk:
    - sqlite3

EXTERNAL SOURCES:
  Flutter:
    :path: Flutter
  integration_test:
    :path: ".symlinks/plugins/integration_test/ios"
  path_provider_foundation:
    :path: ".symlinks/plugins/path_provider_foundation/darwin"
  shared_preferences_foundation:
    :path: ".symlinks/plugins/shared_preferences_foundation/darwin"
  sqflite:
    :path: ".symlinks/plugins/sqflite/darwin"
  sqlite3_arabic_phonetic_fuzzy_trigram_flutter:
    :path: ".symlinks/plugins/sqlite3_arabic_phonetic_fuzzy_trigram_flutter/ios"
  sqlite3_flutter_libs:
    :path: ".symlinks/plugins/sqlite3_flutter_libs/ios"

SPEC CHECKSUMS:
  Flutter: cabc95a1d2626b1b06e7179b784ebcf0c0cde467
  integration_test: 252f60fa39af5e17c3aa9899d35d908a0721b573
  path_provider_foundation: 0b743cbb62d8e47eab856f09262bb8c1ddcfe6ba
  shared_preferences_foundation: 5086985c1d43c5ba4d5e69a4e8083a389e2909e6
  sqflite: 673a0e54cc04b7d6dba8d24fb8095b31c3a99eec
  sqlite3: 02d1f07eaaa01f80a1c16b4b31dfcbb3345ee01a
  sqlite3-arabic-phonetic-fuzzy-trigram: 77cb23a6f820d01a167338ca24a7c39b99796b6a
  sqlite3_arabic_phonetic_fuzzy_trigram_flutter: 8657b991ef7c360bcf6391f0de2632fefcb885a7
  sqlite3_flutter_libs: ec169f6ca885dd05867a985d1c9d5805cf71673d

PODFILE CHECKSUM: c5d1f1ffc8059cede02e2dab414163bb4849d7d9

COCOAPODS: 1.16.2
